<Project ToolsVersion="4.0" xmlns="http://schemas.microsoft.com/developer/msbuild/2003">
  <ItemGroup>
    <Filter Include="Source Files">
      <UniqueIdentifier>{4FC737F1-C7A5-4376-A066-2A32D752A2FF}</UniqueIdentifier>
      <Extensions>cpp;c;cc;cxx;def;odl;idl;hpj;bat;asm;asmx</Extensions>
    </Filter>
    <Filter Include="Header Files">
      <UniqueIdentifier>{93995380-89BD-4b04-88EB-625FBE52EBFB}</UniqueIdentifier>
      <Extensions>h;hpp;hxx;hm;inl;inc;xsd</Extensions>
    </Filter>
    <Filter Include="Resource Files">
      <UniqueIdentifier>{67DA6AB6-F800-4c08-8B7A-83BB121AAD01}</UniqueIdentifier>
      <Extensions>rc;ico;cur;bmp;dlg;rc2;rct;bin;rgs;gif;jpg;jpeg;jpe;resx;tiff;tif;png;wav</Extensions>
    </Filter>
    <Filter Include="Blocks">
      <UniqueIdentifier>{9FB3E5A0-F377-4AC3-B2C0-08420F9684F0}</UniqueIdentifier>
    </Filter>
    <Filter Include="Blocks\Simplex Noise">
      <UniqueIdentifier>{5B9B9DD2-602F-4743-AC77-129D1E06DEE8}</UniqueIdentifier>
    </Filter>
    <Filter Include="Blocks\Simplex Noise\include">
      <UniqueIdentifier>{ADAF2456-946E-4D5B-AE8B-B1845C34103D}</UniqueIdentifier>
    </Filter>
    <Filter Include="Blocks\Simplex Noise\src">
      <UniqueIdentifier>{AE80DA8E-BE7F-48A1-AFAB-4D3884B41826}</UniqueIdentifier>
    </Filter>
  </ItemGroup>
  <ItemGroup>
    <ClCompile Include="..\src\NoiseGalleryApp.cpp">
      <Filter>Source Files</Filter>
    </ClCompile>
    <ClCompile Include="..\src\NoiseGalleryApp.cpp">
      <Filter>Source Files</Filter>
    </ClCompile>
    <ClInclude Include="..\include\Resources.h">
      <Filter>Header Files</Filter>
    </ClInclude>
    <ClInclude Include="..\..\..\include\Simplex.h">
      <Filter>Blocks\Simplex Noise\include</Filter>
    </ClInclude>
    <ClCompile Include="..\..\..\src\Simplex.cpp">
      <Filter>Blocks\Simplex Noise\src</Filter>
    </ClCompile>
  </ItemGroup>
  <ItemGroup>
    <ClInclude Include="..\include\Resources.h">
      <Filter>Header Files</Filter>
    </ClInclude>
  </ItemGroup>
  <ItemGroup>
    <ResourceCompile Include="Resources.rc">
      <Filter>Resource Files</Filter>
    </ResourceCompile>
  </ItemGroup>
</Project>
